// !$*UTF8*$!
{
	archiveVersion = 1;
	classes = {
	};
	objectVersion = 50;
	objects = {

/* Begin PBXBuildFile section */
		DEFB6736227CA00600C7EC6A /* AppDelegate.swift in Sources */ = {isa = PBXBuildFile; fileRef = DEFB6735227CA00600C7EC6A /* AppDelegate.swift */; };
		DEFB6738227CA00600C7EC6A /* ViewController.swift in Sources */ = {isa = PBXBuildFile; fileRef = DEFB6737227CA00600C7EC6A /* ViewController.swift */; };
		DEFB673B227CA00600C7EC6A /* Main.storyboard in Resources */ = {isa = PBXBuildFile; fileRef = DEFB6739227CA00600C7EC6A /* Main.storyboard */; };
		DEFB673D227CA00900C7EC6A /* Assets.xcassets in Resources */ = {isa = PBXBuildFile; fileRef = DEFB673C227CA00900C7EC6A /* Assets.xcassets */; };
		DEFB6740227CA00900C7EC6A /* LaunchScreen.storyboard in Resources */ = {isa = PBXBuildFile; fileRef = DEFB673E227CA00900C7EC6A /* LaunchScreen.storyboard */; };
/* End PBXBuildFile section */

/* Begin PBXFileReference section */
		DEFB6732227CA00600C7EC6A /* 02-dices.app */ = {isa = PBXFileReference; explicitFileType = wrapper.application; includeInIndex = 0; path = "02-dices.app"; sourceTree = BUILT_PRODUCTS_DIR; };
		DEFB6735227CA00600C7EC6A /* AppDelegate.swift */ = {isa = PBXFileReference; lastKnownFileType = sourcecode.swift; path = AppDelegate.swift; sourceTree = "<group>"; };
		DEFB6737227CA00600C7EC6A /* ViewController.swift */ = {isa = PBXFileReference; lastKnownFileType = sourcecode.swift; path = ViewController.swift; sourceTree = "<group>"; };
		DEFB673A227CA00600C7EC6A /* Base */ = {isa = PBXFileReference; lastKnownFileType = file.storyboard; name = Base; path = Base.lproj/Main.storyboard; sourceTree = "<group>"; };
		DEFB673C227CA00900C7EC6A /* Assets.xcassets */ = {isa = PBXFileReference; lastKnownFileType = folder.assetcatalog; path = Assets.xcassets; sourceTree = "<group>"; };
		DEFB673F227CA00900C7EC6A /* Base */ = {isa = PBXFileReference; lastKnownFileType = file.storyboard; name = Base; path = Base.lproj/LaunchScreen.storyboard; sourceTree = "<group>"; };
		DEFB6741227CA00900C7EC6A /* Info.plist */ = {isa = PBXFileReference; lastKnownFileType = text.plist.xml; path = Info.plist; sourceTree = "<group>"; };
/* End PBXFileReference section */

/* Begin PBXFrameworksBuildPhase section */
		DEFB672F227CA00600C7EC6A /* Frameworks */ = {
			isa = PBXFrameworksBuildPhase;
			buildActionMask = 2147483647;
			files = (
			);
			runOnlyForDeploymentPostprocessing = 0;
		};
/* End PBXFrameworksBuildPhase section */

/* Begin PBXGroup section */
		DEFB6729227CA00600C7EC6A = {
			isa = PBXGroup;
			children = (
				DEFB6734227CA00600C7EC6A /* 02-dices */,
				DEFB6733227CA00600C7EC6A /* Products */,
			);
			sourceTree = "<group>";
		};
		DEFB6733227CA00600C7EC6A /* Products */ = {
			isa = PBXGroup;
			children = (
				DEFB6732227CA00600C7EC6A /* 02-dices.app */,
			);
			name = Products;
			sourceTree = "<group>";
		};
		DEFB6734227CA00600C7EC6A /* 02-dices */ = {
			isa = PBXGroup;
			children = (
				DEFB6735227CA00600C7EC6A /* AppDelegate.swift */,
				DEFB6737227CA00600C7EC6A /* ViewController.swift */,
				DEFB6739227CA00600C7EC6A /* Main.storyboard */,
				DEFB673C227CA00900C7EC6A /* Assets.xcassets */,
				DEFB673E227CA00900C7EC6A /* LaunchScreen.storyboard */,
				DEFB6741227CA00900C7EC6A /* Info.plist */,
			);
			path = "02-dices";
			sourceTree = "<group>";
		};
/* End PBXGroup section */

/* Begin PBXNativeTarget section */
		DEFB6731227CA00600C7EC6A /* 02-dices */ = {
			isa = PBXNativeTarget;
			buildConfigurationList = DEFB6744227CA00900C7EC6A /* Build configuration list for PBXNativeTarget "02-dices" */;
			buildPhases = (
				DEFB672E227CA00600C7EC6A /* Sources */,
				DEFB672F227CA00600C7EC6A /* Frameworks */,
				DEFB6730227CA00600C7EC6A /* Resources */,
			);
			buildRules = (
			);
			dependencies = (
			);
			name = "02-dices";
			productName = "02-dices";
			productReference = DEFB6732227CA00600C7EC6A /* 02-dices.app */;
			productType = "com.apple.product-type.application";
		};
/* End PBXNativeTarget section */

/* Begin PBXProject section */
		DEFB672A227CA00600C7EC6A /* Project object */ = {
			isa = PBXProject;
			attributes = {
				LastSwiftUpdateCheck = 1020;
				LastUpgradeCheck = 1020;
				ORGANIZATIONNAME = "Carlos Garcia";
				TargetAttributes = {
					DEFB6731227CA00600C7EC6A = {
						CreatedOnToolsVersion = 10.2;
					};
				};
			};
			buildConfigurationList = DEFB672D227CA00600C7EC6A /* Build configuration list for PBXProject "02-dices" */;
			compatibilityVersion = "Xcode 9.3";
			developmentRegion = en;
			hasScannedForEncodings = 0;
			knownRegions = (
				en,
				Base,
			);
			mainGroup = DEFB6729227CA00600C7EC6A;
			productRefGroup = DEFB6733227CA00600C7EC6A /* Products */;
			projectDirPath = "";
			projectRoot = "";
			targets = (
				DEFB6731227CA00600C7EC6A /* 02-dices */,
			);
		};
/* End PBXProject section */

/* Begin PBXResourcesBuildPhase section */
		DEFB6730227CA00600C7EC6A /* Resources */ = {
			isa = PBXResourcesBuildPhase;
			buildActionMask = 2147483647;
			files = (
				DEFB6740227CA00900C7EC6A /* LaunchScreen.storyboard in Resources */,
				DEFB673D227CA00900C7EC6A /* Assets.xcassets in Resources */,
				DEFB673B227CA00600C7EC6A /* Main.storyboard in Resources */,
			);
			runOnlyForDeploymentPostprocessing = 0;
		};
/* End PBXResourcesBuildPhase section */

/* Begin PBXSourcesBuildPhase section */
		DEFB672E227CA00600C7EC6A /* Sources */ = {
			isa = PBXSourcesBuildPhase;
			buildActionMask = 2147483647;
			files = (
				DEFB6738227CA00600C7EC6A /* ViewController.swift in Sources */,
				DEFB6736227CA00600C7EC6A /* AppDelegate.swift in Sources */,
			);
			runOnlyForDeploymentPostprocessing = 0;
		};
/* End PBXSourcesBuildPhase section */

/* Begin PBXVariantGroup section */
		DEFB6739227CA00600C7EC6A /* Main.storyboard */ = {
			isa = PBXVariantGroup;
			children = (
				DEFB673A227CA00600C7EC6A /* Base */,
			);
			name = Main.storyboard;
			sourceTree = "<group>";
		};
		DEFB673E227CA00900C7EC6A /* LaunchScreen.storyboard */ = {
			isa = PBXVariantGroup;
			children = (
				DEFB673F227CA00900C7EC6A /* Base */,
			);
			name = LaunchScreen.storyboard;
			sourceTree = "<group>";
		};
/* End PBXVariantGroup section */

/* Begin XCBuildConfiguration section */
		DEFB6742227CA00900C7EC6A /* Debug */ = {
			isa = XCBuildConfiguration;
			buildSettings = {
				ALWAYS_SEARCH_USER_PATHS = NO;
				CLANG_ANALYZER_NONNULL = YES;
				CLANG_ANALYZER_NUMBER_OBJECT_CONVERSION = YES_AGGRESSIVE;
				CLANG_CXX_LANGUAGE_STANDARD = "gnu++14";
				CLANG_CXX_LIBRARY = "libc++";
				CLANG_ENABLE_MODULES = YES;
				CLANG_ENABLE_OBJC_ARC = YES;
				CLANG_ENABLE_OBJC_WEAK = YES;
				CLANG_WARN_BLOCK_CAPTURE_AUTORELEASING = YES;
				CLANG_WARN_BOOL_CONVERSION = YES;
				CLANG_WARN_COMMA = YES;
				CLANG_WARN_CONSTANT_CONVERSION = YES;
				CLANG_WARN_DEPRECATED_OBJC_IMPLEMENTATIONS = YES;
				CLANG_WARN_DIRECT_OBJC_ISA_USAGE = YES_ERROR;
				CLANG_WARN_DOCUMENTATION_COMMENTS = YES;
				CLANG_WARN_EMPTY_BODY = YES;
				CLANG_WARN_ENUM_CONVERSION = YES;
				CLANG_WARN_INFINITE_RECURSION = YES;
				CLANG_WARN_INT_CONVERSION = YES;
				CLANG_WARN_NON_LITERAL_NULL_CONVERSION = YES;
				CLANG_WARN_OBJC_IMPLICIT_RETAIN_SELF = YES;
				CLANG_WARN_OBJC_LITERAL_CONVERSION = YES;
				CLANG_WARN_OBJC_ROOT_CLASS = YES_ERROR;
				CLANG_WARN_RANGE_LOOP_ANALYSIS = YES;
				CLANG_WARN_STRICT_PROTOTYPES = YES;
				CLANG_WARN_SUSPICIOUS_MOVE = YES;
				CLANG_WARN_UNGUARDED_AVAILABILITY = YES_AGGRESSIVE;
				CLANG_WARN_UNREACHABLE_CODE = YES;
				CLANG_WARN__DUPLICATE_METHOD_MATCH = YES;
				CODE_SIGN_IDENTITY = "iPhone Developer";
				COPY_PHASE_STRIP = NO;
				DEBUG_INFORMATION_FORMAT = dwarf;
				ENABLE_STRICT_OBJC_MSGSEND = YES;
				ENABLE_TESTABILITY = YES;
				GCC_C_LANGUAGE_STANDARD = gnu11;
				GCC_DYNAMIC_NO_PIC = NO;
				GCC_NO_COMMON_BLOCKS = YES;
				GCC_OPTIMIZATION_LEVEL = 0;
				GCC_PREPROCESSOR_DEFINITIONS = (
					"DEBUG=1",
					"$(inherited)",
				);
				GCC_WARN_64_TO_32_BIT_CONVERSION = YES;
				GCC_WARN_ABOUT_RETURN_TYPE = YES_ERROR;
				GCC_WARN_UNDECLARED_SELECTOR = YES;
				GCC_WARN_UNINITIALIZED_AUTOS = YES_AGGRESSIVE;
				GCC_WARN_UNUSED_FUNCTION = YES;
				GCC_WARN_UNUSED_VARIABLE = YES;
				IPHONEOS_DEPLOYMENT_TARGET = 12.2;
				MTL_ENABLE_DEBUG_INFO = INCLUDE_SOURCE;
				MTL_FAST_MATH = YES;
				ONLY_ACTIVE_ARCH = YES;
				SDKROOT = iphoneos;
				SWIFT_ACTIVE_COMPILATION_CONDITIONS = DEBUG;
				SWIFT_OPTIMIZATION_LEVEL = "-Onone";
			};
			name = Debug;
		};
		DEFB6743227CA00900C7EC6A /* Release */ = {
			isa = XCBuildConfiguration;
			buildSettings = {
				ALWAYS_SEARCH_USER_PATHS = NO;
				CLANG_ANALYZER_NONNULL = YES;
				CLANG_ANALYZER_NUMBER_OBJECT_CONVERSION = YES_AGGRESSIVE;
				CLANG_CXX_LANGUAGE_STANDARD = "gnu++14";
				CLANG_CXX_LIBRARY = "libc++";
				CLANG_ENABLE_MODULES = YES;
				CLANG_ENABLE_OBJC_ARC = YES;
				CLANG_ENABLE_OBJC_WEAK = YES;
				CLANG_WARN_BLOCK_CAPTURE_AUTORELEASING = YES;
				CLANG_WARN_BOOL_CONVERSION = YES;
				CLANG_WARN_COMMA = YES;
				CLANG_WARN_CONSTANT_CONVERSION = YES;
				CLANG_WARN_DEPRECATED_OBJC_IMPLEMENTATIONS = YES;
				CLANG_WARN_DIRECT_OBJC_ISA_USAGE = YES_ERROR;
				CLANG_WARN_DOCUMENTATION_COMMENTS = YES;
				CLANG_WARN_EMPTY_BODY = YES;
				CLANG_WARN_ENUM_CONVERSION = YES;
				CLANG_WARN_INFINITE_RECURSION = YES;
				CLANG_WARN_INT_CONVERSION = YES;
				CLANG_WARN_NON_LITERAL_NULL_CONVERSION = YES;
				CLANG_WARN_OBJC_IMPLICIT_RETAIN_SELF = YES;
				CLANG_WARN_OBJC_LITERAL_CONVERSION = YES;
				CLANG_WARN_OBJC_ROOT_CLASS = YES_ERROR;
				CLANG_WARN_RANGE_LOOP_ANALYSIS = YES;
				CLANG_WARN_STRICT_PROTOTYPES = YES;
				CLANG_WARN_SUSPICIOUS_MOVE = YES;
				CLANG_WARN_UNGUARDED_AVAILABILITY = YES_AGGRESSIVE;
				CLANG_WARN_UNREACHABLE_CODE = YES;
				CLANG_WARN__DUPLICATE_METHOD_MATCH = YES;
				CODE_SIGN_IDENTITY = "iPhone Developer";
				COPY_PHASE_STRIP = NO;
				DEBUG_INFORMATION_FORMAT = "dwarf-with-dsym";
				ENABLE_NS_ASSERTIONS = NO;
				ENABLE_STRICT_OBJC_MSGSEND = YES;
				GCC_C_LANGUAGE_STANDARD = gnu11;
				GCC_NO_COMMON_BLOCKS = YES;
				GCC_WARN_64_TO_32_BIT_CONVERSION = YES;
				GCC_WARN_ABOUT_RETURN_TYPE = YES_ERROR;
				GCC_WARN_UNDECLARED_SELECTOR = YES;
				GCC_WARN_UNINITIALIZED_AUTOS = YES_AGGRESSIVE;
				GCC_WARN_UNUSED_FUNCTION = YES;
				GCC_WARN_UNUSED_VARIABLE = YES;
				IPHONEOS_DEPLOYMENT_TARGET = 12.2;
				MTL_ENABLE_DEBUG_INFO = NO;
				MTL_FAST_MATH = YES;
				SDKROOT = iphoneos;
				SWIFT_COMPILATION_MODE = wholemodule;
				SWIFT_OPTIMIZATION_LEVEL = "-O";
				VALIDATE_PRODUCT = YES;
			};
			name = Release;
		};
		DEFB6745227CA00900C7EC6A /* Debug */ = {
			isa = XCBuildConfiguration;
			buildSettings = {
				ASSETCATALOG_COMPILER_APPICON_NAME = AppIcon;
				CODE_SIGN_STYLE = Automatic;
				INFOPLIST_FILE = "02-dices/Info.plist";
				LD_RUNPATH_SEARCH_PATHS = (
					"$(inherited)",
					"@executable_path/Frameworks",
				);
				PRODUCT_BUNDLE_IDENTIFIER = com.gigigo.mexico.dices;
				PRODUCT_NAME = "$(TARGET_NAME)";
				SWIFT_VERSION = 5.0;
				TARGETED_DEVICE_FAMILY = "1,2";
			};
			name = Debug;
		};
		DEFB6746227CA00900C7EC6A /* Release */ = {
			isa = XCBuildConfiguration;
			buildSettings = {
				ASSETCATALOG_COMPILER_APPICON_NAME = AppIcon;
				CODE_SIGN_STYLE = Automatic;
				INFOPLIST_FILE = "02-dices/Info.plist";
				LD_RUNPATH_SEARCH_PATHS = (
					"$(inherited)",
					"@executable_path/Frameworks",
				);
				PRODUCT_BUNDLE_IDENTIFIER = com.gigigo.mexico.dices;
				PRODUCT_NAME = "$(TARGET_NAME)";
				SWIFT_VERSION = 5.0;
				TARGETED_DEVICE_FAMILY = "1,2";
			};
			name = Release;
		};
/* End XCBuildConfiguration section */

/* Begin XCConfigurationList section */
		DEFB672D227CA00600C7EC6A /* Build configuration list for PBXProject "02-dices" */ = {
			isa = XCConfigurationList;
			buildConfigurations = (
				DEFB6742227CA00900C7EC6A /* Debug */,
				DEFB6743227CA00900C7EC6A /* Release */,
			);
			defaultConfigurationIsVisible = 0;
			defaultConfigurationName = Release;
		};
		DEFB6744227CA00900C7EC6A /* Build configuration list for PBXNativeTarget "02-dices" */ = {
			isa = XCConfigurationList;
			buildConfigurations = (
				DEFB6745227CA00900C7EC6A /* Debug */,
				DEFB6746227CA00900C7EC6A /* Release */,
			);
			defaultConfigurationIsVisible = 0;
			defaultConfigurationName = Release;
		};
/* End XCConfigurationList section */
	};
	rootObject = DEFB672A227CA00600C7EC6A /* Project object */;
}
